
Microsoft Visual Studio Solution File, Format Version 12.00
# Visual Studio 15
VisualStudioVersion = 15.0.28010.2041
MinimumVisualStudioVersion = 10.0.40219.1
Project("{FAE04EC0-301F-11D3-BF4B-00C04F79EFBC}") = "Silo", "Silo\Silo.csproj", "{C1CFF1A2-5568-44D0-A3E1-EE654604EE47}"
EndProject
Project("{FAE04EC0-301F-11D3-BF4B-00C04F79EFBC}") = "TestClient", "TestClient\TestClient.csproj", "{DAAA7339-AA25-4739-877E-D23A79D07B95}"
EndProject
Global
	GlobalSection(SolutionConfigurationPlatforms) = preSolution
		Debug|Any CPU = Debug|Any CPU
		Release|Any CPU = Release|Any CPU
	EndGlobalSection
	GlobalSection(ProjectConfigurationPlatforms) = postSolution
		{C1CFF1A2-5568-44D0-A3E1-EE654604EE47}.Debug|Any CPU.ActiveCfg = Debug|Any CPU
		{C1CFF1A2-5568-44D0-A3E1-EE654604EE47}.Debug|Any CPU.Build.0 = Debug|Any CPU
		{C1CFF1A2-5568-44D0-A3E1-EE654604EE47}.Release|Any CPU.ActiveCfg = Release|Any CPU
		{C1CFF1A2-5568-44D0-A3E1-EE654604EE47}.Release|Any CPU.Build.0 = Release|Any CPU
		{DAAA7339-AA25-4739-877E-D23A79D07B95}.Debug|Any CPU.ActiveCfg = Debug|Any CPU
		{DAAA7339-AA25-4739-877E-D23A79D07B95}.Debug|Any CPU.Build.0 = Debug|Any CPU
		{DAAA7339-AA25-4739-877E-D23A79D07B95}.Release|Any CPU.ActiveCfg = Release|Any CPU
		{DAAA7339-AA25-4739-877E-D23A79D07B95}.Release|Any CPU.Build.0 = Release|Any CPU
	EndGlobalSection
	GlobalSection(SolutionProperties) = preSolution
		HideSolutionNode = FALSE
	EndGlobalSection
	GlobalSection(ExtensibilityGlobals) = postSolution
		SolutionGuid = {78BF2C84-D31C-499F-9F22-25472670099C}
	EndGlobalSection
EndGlobal
